
Microsoft Visual Studio Solution File, Format Version 12.00
# Visual Studio Version 17
VisualStudioVersion = 17.1.32319.34
MinimumVisualStudioVersion = 10.0.40219.1
Project("{FAE04EC0-301F-11D3-BF4B-00C04F79EFBC}") = "WebHookQueue", "WebHookQueue\WebHookQueue.csproj", "{61B8C76C-CD3E-4D71-B4CA-E412CFB8DBB6}"
EndProject
Global
	GlobalSection(SolutionConfigurationPlatforms) = preSolution
		Debug|Any CPU = Debug|Any CPU
		Release|Any CPU = Release|Any CPU
	EndGlobalSection
	GlobalSection(ProjectConfigurationPlatforms) = postSolution
		{61B8C76C-CD3E-4D71-B4CA-E412CFB8DBB6}.Debug|Any CPU.ActiveCfg = Debug|Any CPU
		{61B8C76C-CD3E-4D71-B4CA-E412CFB8DBB6}.Debug|Any CPU.Build.0 = Debug|Any CPU
		{61B8C76C-CD3E-4D71-B4CA-E412CFB8DBB6}.Release|Any CPU.ActiveCfg = Release|Any CPU
		{61B8C76C-CD3E-4D71-B4CA-E412CFB8DBB6}.Release|Any CPU.Build.0 = Release|Any CPU
	EndGlobalSection
	GlobalSection(SolutionProperties) = preSolution
		HideSolutionNode = FALSE
	EndGlobalSection
	GlobalSection(ExtensibilityGlobals) = postSolution
		SolutionGuid = {8E89195B-825A-4C65-89E4-298A98178D7A}
	EndGlobalSection
EndGlobal
